
Microsoft Visual Studio Solution File, Format Version 12.00
# Visual Studio Version 16
VisualStudioVersion = 16.0.31729.503
MinimumVisualStudioVersion = 10.0.40219.1
Project("{FAE04EC0-301F-11D3-BF4B-00C04F79EFBC}") = "Exceptions", "Exceptions\Exceptions.csproj", "{CC8B9947-6E7C-46A9-92E8-F6DDE38B0378}"
EndProject
Global
	GlobalSection(SolutionConfigurationPlatforms) = preSolution
		Debug|Any CPU = Debug|Any CPU
		Release|Any CPU = Release|Any CPU
	EndGlobalSection
	GlobalSection(ProjectConfigurationPlatforms) = postSolution
		{CC8B9947-6E7C-46A9-92E8-F6DDE38B0378}.Debug|Any CPU.ActiveCfg = Debug|Any CPU
		{CC8B9947-6E7C-46A9-92E8-F6DDE38B0378}.Debug|Any CPU.Build.0 = Debug|Any CPU
		{CC8B9947-6E7C-46A9-92E8-F6DDE38B0378}.Release|Any CPU.ActiveCfg = Release|Any CPU
		{CC8B9947-6E7C-46A9-92E8-F6DDE38B0378}.Release|Any CPU.Build.0 = Release|Any CPU
	EndGlobalSection
	GlobalSection(SolutionProperties) = preSolution
		HideSolutionNode = FALSE
	EndGlobalSection
	GlobalSection(ExtensibilityGlobals) = postSolution
		SolutionGuid = {86FBC40F-5D8D-436A-92AB-7A6D6927D009}
	EndGlobalSection
EndGlobal
